// !$*UTF8*$!
{
	archiveVersion = 1;
	classes = {
	};
	objectVersion = 50;
	objects = {

/* Begin PBXBuildFile section */
		F46E178E2AEA499B004E1669 /* AppDelegate.swift in Sources */ = {isa = PBXBuildFile; fileRef = F46E178D2AEA499B004E1669 /* AppDelegate.swift */; };
		F46E17902AEA499B004E1669 /* SceneDelegate.swift in Sources */ = {isa = PBXBuildFile; fileRef = F46E178F2AEA499B004E1669 /* SceneDelegate.swift */; };
		F46E17922AEA499B004E1669 /* ViewController.swift in Sources */ = {isa = PBXBuildFile; fileRef = F46E17912AEA499B004E1669 /* ViewController.swift */; };
		F46E17952AEA499B004E1669 /* Main.storyboard in Resources */ = {isa = PBXBuildFile; fileRef = F46E17932AEA499B004E1669 /* Main.storyboard */; };
		F46E17972AEA499D004E1669 /* Assets.xcassets in Resources */ = {isa = PBXBuildFile; fileRef = F46E17962AEA499D004E1669 /* Assets.xcassets */; };
		F46E179A2AEA499D004E1669 /* LaunchScreen.storyboard in Resources */ = {isa = PBXBuildFile; fileRef = F46E17982AEA499D004E1669 /* LaunchScreen.storyboard */; };
		F46E17A52AEA499D004E1669 /* ejercicio2Tests.swift in Sources */ = {isa = PBXBuildFile; fileRef = F46E17A42AEA499D004E1669 /* ejercicio2Tests.swift */; };
		F46E17B02AEA499D004E1669 /* ejercicio2UITests.swift in Sources */ = {isa = PBXBuildFile; fileRef = F46E17AF2AEA499D004E1669 /* ejercicio2UITests.swift */; };
/* End PBXBuildFile section */

/* Begin PBXContainerItemProxy section */
		F46E17A12AEA499D004E1669 /* PBXContainerItemProxy */ = {
			isa = PBXContainerItemProxy;
			containerPortal = F46E17822AEA499B004E1669 /* Project object */;
			proxyType = 1;
			remoteGlobalIDString = F46E17892AEA499B004E1669;
			remoteInfo = ejercicio2;
		};
		F46E17AC2AEA499D004E1669 /* PBXContainerItemProxy */ = {
			isa = PBXContainerItemProxy;
			containerPortal = F46E17822AEA499B004E1669 /* Project object */;
			proxyType = 1;
			remoteGlobalIDString = F46E17892AEA499B004E1669;
			remoteInfo = ejercicio2;
		};
/* End PBXContainerItemProxy section */

/* Begin PBXFileReference section */
		F46E178A2AEA499B004E1669 /* ejercicio2.app */ = {isa = PBXFileReference; explicitFileType = wrapper.application; includeInIndex = 0; path = ejercicio2.app; sourceTree = BUILT_PRODUCTS_DIR; };
		F46E178D2AEA499B004E1669 /* AppDelegate.swift */ = {isa = PBXFileReference; lastKnownFileType = sourcecode.swift; path = AppDelegate.swift; sourceTree = "<group>"; };
		F46E178F2AEA499B004E1669 /* SceneDelegate.swift */ = {isa = PBXFileReference; lastKnownFileType = sourcecode.swift; path = SceneDelegate.swift; sourceTree = "<group>"; };
		F46E17912AEA499B004E1669 /* ViewController.swift */ = {isa = PBXFileReference; lastKnownFileType = sourcecode.swift; path = ViewController.swift; sourceTree = "<group>"; };
		F46E17942AEA499B004E1669 /* Base */ = {isa = PBXFileReference; lastKnownFileType = file.storyboard; name = Base; path = Base.lproj/Main.storyboard; sourceTree = "<group>"; };
		F46E17962AEA499D004E1669 /* Assets.xcassets */ = {isa = PBXFileReference; lastKnownFileType = folder.assetcatalog; path = Assets.xcassets; sourceTree = "<group>"; };
		F46E17992AEA499D004E1669 /* Base */ = {isa = PBXFileReference; lastKnownFileType = file.storyboard; name = Base; path = Base.lproj/LaunchScreen.storyboard; sourceTree = "<group>"; };
		F46E179B2AEA499D004E1669 /* Info.plist */ = {isa = PBXFileReference; lastKnownFileType = text.plist.xml; path = Info.plist; sourceTree = "<group>"; };
		F46E17A02AEA499D004E1669 /* ejercicio2Tests.xctest */ = {isa = PBXFileReference; explicitFileType = wrapper.cfbundle; includeInIndex = 0; path = ejercicio2Tests.xctest; sourceTree = BUILT_PRODUCTS_DIR; };
		F46E17A42AEA499D004E1669 /* ejercicio2Tests.swift */ = {isa = PBXFileReference; lastKnownFileType = sourcecode.swift; path = ejercicio2Tests.swift; sourceTree = "<group>"; };
		F46E17A62AEA499D004E1669 /* Info.plist */ = {isa = PBXFileReference; lastKnownFileType = text.plist.xml; path = Info.plist; sourceTree = "<group>"; };
		F46E17AB2AEA499D004E1669 /* ejercicio2UITests.xctest */ = {isa = PBXFileReference; explicitFileType = wrapper.cfbundle; includeInIndex = 0; path = ejercicio2UITests.xctest; sourceTree = BUILT_PRODUCTS_DIR; };
		F46E17AF2AEA499D004E1669 /* ejercicio2UITests.swift */ = {isa = PBXFileReference; lastKnownFileType = sourcecode.swift; path = ejercicio2UITests.swift; sourceTree = "<group>"; };
		F46E17B12AEA499D004E1669 /* Info.plist */ = {isa = PBXFileReference; lastKnownFileType = text.plist.xml; path = Info.plist; sourceTree = "<group>"; };
/* End PBXFileReference section */

/* Begin PBXFrameworksBuildPhase section */
		F46E17872AEA499B004E1669 /* Frameworks */ = {
			isa = PBXFrameworksBuildPhase;
			buildActionMask = 2147483647;
			files = (
			);
			runOnlyForDeploymentPostprocessing = 0;
		};
		F46E179D2AEA499D004E1669 /* Frameworks */ = {
			isa = PBXFrameworksBuildPhase;
			buildActionMask = 2147483647;
			files = (
			);
			runOnlyForDeploymentPostprocessing = 0;
		};
		F46E17A82AEA499D004E1669 /* Frameworks */ = {
			isa = PBXFrameworksBuildPhase;
			buildActionMask = 2147483647;
			files = (
			);
			runOnlyForDeploymentPostprocessing = 0;
		};
/* End PBXFrameworksBuildPhase section */

/* Begin PBXGroup section */
		F46E17812AEA499B004E1669 = {
			isa = PBXGroup;
			children = (
				F46E178C2AEA499B004E1669 /* ejercicio2 */,
				F46E17A32AEA499D004E1669 /* ejercicio2Tests */,
				F46E17AE2AEA499D004E1669 /* ejercicio2UITests */,
				F46E178B2AEA499B004E1669 /* Products */,
			);
			sourceTree = "<group>";
		};
		F46E178B2AEA499B004E1669 /* Products */ = {
			isa = PBXGroup;
			children = (
				F46E178A2AEA499B004E1669 /* ejercicio2.app */,
				F46E17A02AEA499D004E1669 /* ejercicio2Tests.xctest */,
				F46E17AB2AEA499D004E1669 /* ejercicio2UITests.xctest */,
			);
			name = Products;
			sourceTree = "<group>";
		};
		F46E178C2AEA499B004E1669 /* ejercicio2 */ = {
			isa = PBXGroup;
			children = (
				F46E178D2AEA499B004E1669 /* AppDelegate.swift */,
				F46E178F2AEA499B004E1669 /* SceneDelegate.swift */,
				F46E17912AEA499B004E1669 /* ViewController.swift */,
				F46E17932AEA499B004E1669 /* Main.storyboard */,
				F46E17962AEA499D004E1669 /* Assets.xcassets */,
				F46E17982AEA499D004E1669 /* LaunchScreen.storyboard */,
				F46E179B2AEA499D004E1669 /* Info.plist */,
			);
			path = ejercicio2;
			sourceTree = "<group>";
		};
		F46E17A32AEA499D004E1669 /* ejercicio2Tests */ = {
			isa = PBXGroup;
			children = (
				F46E17A42AEA499D004E1669 /* ejercicio2Tests.swift */,
				F46E17A62AEA499D004E1669 /* Info.plist */,
			);
			path = ejercicio2Tests;
			sourceTree = "<group>";
		};
		F46E17AE2AEA499D004E1669 /* ejercicio2UITests */ = {
			isa = PBXGroup;
			children = (
				F46E17AF2AEA499D004E1669 /* ejercicio2UITests.swift */,
				F46E17B12AEA499D004E1669 /* Info.plist */,
			);
			path = ejercicio2UITests;
			sourceTree = "<group>";
		};
/* End PBXGroup section */

/* Begin PBXNativeTarget section */
		F46E17892AEA499B004E1669 /* ejercicio2 */ = {
			isa = PBXNativeTarget;
			buildConfigurationList = F46E17B42AEA499D004E1669 /* Build configuration list for PBXNativeTarget "ejercicio2" */;
			buildPhases = (
				F46E17862AEA499B004E1669 /* Sources */,
				F46E17872AEA499B004E1669 /* Frameworks */,
				F46E17882AEA499B004E1669 /* Resources */,
			);
			buildRules = (
			);
			dependencies = (
			);
			name = ejercicio2;
			productName = ejercicio2;
			productReference = F46E178A2AEA499B004E1669 /* ejercicio2.app */;
			productType = "com.apple.product-type.application";
		};
		F46E179F2AEA499D004E1669 /* ejercicio2Tests */ = {
			isa = PBXNativeTarget;
			buildConfigurationList = F46E17B72AEA499D004E1669 /* Build configuration list for PBXNativeTarget "ejercicio2Tests" */;
			buildPhases = (
				F46E179C2AEA499D004E1669 /* Sources */,
				F46E179D2AEA499D004E1669 /* Frameworks */,
				F46E179E2AEA499D004E1669 /* Resources */,
			);
			buildRules = (
			);
			dependencies = (
				F46E17A22AEA499D004E1669 /* PBXTargetDependency */,
			);
			name = ejercicio2Tests;
			productName = ejercicio2Tests;
			productReference = F46E17A02AEA499D004E1669 /* ejercicio2Tests.xctest */;
			productType = "com.apple.product-type.bundle.unit-test";
		};
		F46E17AA2AEA499D004E1669 /* ejercicio2UITests */ = {
			isa = PBXNativeTarget;
			buildConfigurationList = F46E17BA2AEA499D004E1669 /* Build configuration list for PBXNativeTarget "ejercicio2UITests" */;
			buildPhases = (
				F46E17A72AEA499D004E1669 /* Sources */,
				F46E17A82AEA499D004E1669 /* Frameworks */,
				F46E17A92AEA499D004E1669 /* Resources */,
			);
			buildRules = (
			);
			dependencies = (
				F46E17AD2AEA499D004E1669 /* PBXTargetDependency */,
			);
			name = ejercicio2UITests;
			productName = ejercicio2UITests;
			productReference = F46E17AB2AEA499D004E1669 /* ejercicio2UITests.xctest */;
			productType = "com.apple.product-type.bundle.ui-testing";
		};
/* End PBXNativeTarget section */

/* Begin PBXProject section */
		F46E17822AEA499B004E1669 /* Project object */ = {
			isa = PBXProject;
			attributes = {
				LastSwiftUpdateCheck = 1240;
				LastUpgradeCheck = 1240;
				TargetAttributes = {
					F46E17892AEA499B004E1669 = {
						CreatedOnToolsVersion = 12.4;
					};
					F46E179F2AEA499D004E1669 = {
						CreatedOnToolsVersion = 12.4;
						TestTargetID = F46E17892AEA499B004E1669;
					};
					F46E17AA2AEA499D004E1669 = {
						CreatedOnToolsVersion = 12.4;
						TestTargetID = F46E17892AEA499B004E1669;
					};
				};
			};
			buildConfigurationList = F46E17852AEA499B004E1669 /* Build configuration list for PBXProject "ejercicio2" */;
			compatibilityVersion = "Xcode 9.3";
			developmentRegion = en;
			hasScannedForEncodings = 0;
			knownRegions = (
				en,
				Base,
			);
			mainGroup = F46E17812AEA499B004E1669;
			productRefGroup = F46E178B2AEA499B004E1669 /* Products */;
			projectDirPath = "";
			projectRoot = "";
			targets = (
				F46E17892AEA499B004E1669 /* ejercicio2 */,
				F46E179F2AEA499D004E1669 /* ejercicio2Tests */,
				F46E17AA2AEA499D004E1669 /* ejercicio2UITests */,
			);
		};
/* End PBXProject section */

/* Begin PBXResourcesBuildPhase section */
		F46E17882AEA499B004E1669 /* Resources */ = {
			isa = PBXResourcesBuildPhase;
			buildActionMask = 2147483647;
			files = (
				F46E179A2AEA499D004E1669 /* LaunchScreen.storyboard in Resources */,
				F46E17972AEA499D004E1669 /* Assets.xcassets in Resources */,
				F46E17952AEA499B004E1669 /* Main.storyboard in Resources */,
			);
			runOnlyForDeploymentPostprocessing = 0;
		};
		F46E179E2AEA499D004E1669 /* Resources */ = {
			isa = PBXResourcesBuildPhase;
			buildActionMask = 2147483647;
			files = (
			);
			runOnlyForDeploymentPostprocessing = 0;
		};
		F46E17A92AEA499D004E1669 /* Resources */ = {
			isa = PBXResourcesBuildPhase;
			buildActionMask = 2147483647;
			files = (
			);
			runOnlyForDeploymentPostprocessing = 0;
		};
/* End PBXResourcesBuildPhase section */

/* Begin PBXSourcesBuildPhase section */
		F46E17862AEA499B004E1669 /* Sources */ = {
			isa = PBXSourcesBuildPhase;
			buildActionMask = 2147483647;
			files = (
				F46E17922AEA499B004E1669 /* ViewController.swift in Sources */,
				F46E178E2AEA499B004E1669 /* AppDelegate.swift in Sources */,
				F46E17902AEA499B004E1669 /* SceneDelegate.swift in Sources */,
			);
			runOnlyForDeploymentPostprocessing = 0;
		};
		F46E179C2AEA499D004E1669 /* Sources */ = {
			isa = PBXSourcesBuildPhase;
			buildActionMask = 2147483647;
			files = (
				F46E17A52AEA499D004E1669 /* ejercicio2Tests.swift in Sources */,
			);
			runOnlyForDeploymentPostprocessing = 0;
		};
		F46E17A72AEA499D004E1669 /* Sources */ = {
			isa = PBXSourcesBuildPhase;
			buildActionMask = 2147483647;
			files = (
				F46E17B02AEA499D004E1669 /* ejercicio2UITests.swift in Sources */,
			);
			runOnlyForDeploymentPostprocessing = 0;
		};
/* End PBXSourcesBuildPhase section */

/* Begin PBXTargetDependency section */
		F46E17A22AEA499D004E1669 /* PBXTargetDependency */ = {
			isa = PBXTargetDependency;
			target = F46E17892AEA499B004E1669 /* ejercicio2 */;
			targetProxy = F46E17A12AEA499D004E1669 /* PBXContainerItemProxy */;
		};
		F46E17AD2AEA499D004E1669 /* PBXTargetDependency */ = {
			isa = PBXTargetDependency;
			target = F46E17892AEA499B004E1669 /* ejercicio2 */;
			targetProxy = F46E17AC2AEA499D004E1669 /* PBXContainerItemProxy */;
		};
/* End PBXTargetDependency section */

/* Begin PBXVariantGroup section */
		F46E17932AEA499B004E1669 /* Main.storyboard */ = {
			isa = PBXVariantGroup;
			children = (
				F46E17942AEA499B004E1669 /* Base */,
			);
			name = Main.storyboard;
			sourceTree = "<group>";
		};
		F46E17982AEA499D004E1669 /* LaunchScreen.storyboard */ = {
			isa = PBXVariantGroup;
			children = (
				F46E17992AEA499D004E1669 /* Base */,
			);
			name = LaunchScreen.storyboard;
			sourceTree = "<group>";
		};
/* End PBXVariantGroup section */

/* Begin XCBuildConfiguration section */
		F46E17B22AEA499D004E1669 /* Debug */ = {
			isa = XCBuildConfiguration;
			buildSettings = {
				ALWAYS_SEARCH_USER_PATHS = NO;
				CLANG_ANALYZER_NONNULL = YES;
				CLANG_ANALYZER_NUMBER_OBJECT_CONVERSION = YES_AGGRESSIVE;
				CLANG_CXX_LANGUAGE_STANDARD = "gnu++14";
				CLANG_CXX_LIBRARY = "libc++";
				CLANG_ENABLE_MODULES = YES;
				CLANG_ENABLE_OBJC_ARC = YES;
				CLANG_ENABLE_OBJC_WEAK = YES;
				CLANG_WARN_BLOCK_CAPTURE_AUTORELEASING = YES;
				CLANG_WARN_BOOL_CONVERSION = YES;
				CLANG_WARN_COMMA = YES;
				CLANG_WARN_CONSTANT_CONVERSION = YES;
				CLANG_WARN_DEPRECATED_OBJC_IMPLEMENTATIONS = YES;
				CLANG_WARN_DIRECT_OBJC_ISA_USAGE = YES_ERROR;
				CLANG_WARN_DOCUMENTATION_COMMENTS = YES;
				CLANG_WARN_EMPTY_BODY = YES;
				CLANG_WARN_ENUM_CONVERSION = YES;
				CLANG_WARN_INFINITE_RECURSION = YES;
				CLANG_WARN_INT_CONVERSION = YES;
				CLANG_WARN_NON_LITERAL_NULL_CONVERSION = YES;
				CLANG_WARN_OBJC_IMPLICIT_RETAIN_SELF = YES;
				CLANG_WARN_OBJC_LITERAL_CONVERSION = YES;
				CLANG_WARN_OBJC_ROOT_CLASS = YES_ERROR;
				CLANG_WARN_QUOTED_INCLUDE_IN_FRAMEWORK_HEADER = YES;
				CLANG_WARN_RANGE_LOOP_ANALYSIS = YES;
				CLANG_WARN_STRICT_PROTOTYPES = YES;
				CLANG_WARN_SUSPICIOUS_MOVE = YES;
				CLANG_WARN_UNGUARDED_AVAILABILITY = YES_AGGRESSIVE;
				CLANG_WARN_UNREACHABLE_CODE = YES;
				CLANG_WARN__DUPLICATE_METHOD_MATCH = YES;
				COPY_PHASE_STRIP = NO;
				DEBUG_INFORMATION_FORMAT = dwarf;
				ENABLE_STRICT_OBJC_MSGSEND = YES;
				ENABLE_TESTABILITY = YES;
				GCC_C_LANGUAGE_STANDARD = gnu11;
				GCC_DYNAMIC_NO_PIC = NO;
				GCC_NO_COMMON_BLOCKS = YES;
				GCC_OPTIMIZATION_LEVEL = 0;
				GCC_PREPROCESSOR_DEFINITIONS = (
					"DEBUG=1",
					"$(inherited)",
				);
				GCC_WARN_64_TO_32_BIT_CONVERSION = YES;
				GCC_WARN_ABOUT_RETURN_TYPE = YES_ERROR;
				GCC_WARN_UNDECLARED_SELECTOR = YES;
				GCC_WARN_UNINITIALIZED_AUTOS = YES_AGGRESSIVE;
				GCC_WARN_UNUSED_FUNCTION = YES;
				GCC_WARN_UNUSED_VARIABLE = YES;
				IPHONEOS_DEPLOYMENT_TARGET = 14.4;
				MTL_ENABLE_DEBUG_INFO = INCLUDE_SOURCE;
				MTL_FAST_MATH = YES;
				ONLY_ACTIVE_ARCH = YES;
				SDKROOT = iphoneos;
				SWIFT_ACTIVE_COMPILATION_CONDITIONS = DEBUG;
				SWIFT_OPTIMIZATION_LEVEL = "-Onone";
			};
			name = Debug;
		};
		F46E17B32AEA499D004E1669 /* Release */ = {
			isa = XCBuildConfiguration;
			buildSettings = {
				ALWAYS_SEARCH_USER_PATHS = NO;
				CLANG_ANALYZER_NONNULL = YES;
				CLANG_ANALYZER_NUMBER_OBJECT_CONVERSION = YES_AGGRESSIVE;
				CLANG_CXX_LANGUAGE_STANDARD = "gnu++14";
				CLANG_CXX_LIBRARY = "libc++";
				CLANG_ENABLE_MODULES = YES;
				CLANG_ENABLE_OBJC_ARC = YES;
				CLANG_ENABLE_OBJC_WEAK = YES;
				CLANG_WARN_BLOCK_CAPTURE_AUTORELEASING = YES;
				CLANG_WARN_BOOL_CONVERSION = YES;
				CLANG_WARN_COMMA = YES;
				CLANG_WARN_CONSTANT_CONVERSION = YES;
				CLANG_WARN_DEPRECATED_OBJC_IMPLEMENTATIONS = YES;
				CLANG_WARN_DIRECT_OBJC_ISA_USAGE = YES_ERROR;
				CLANG_WARN_DOCUMENTATION_COMMENTS = YES;
				CLANG_WARN_EMPTY_BODY = YES;
				CLANG_WARN_ENUM_CONVERSION = YES;
				CLANG_WARN_INFINITE_RECURSION = YES;
				CLANG_WARN_INT_CONVERSION = YES;
				CLANG_WARN_NON_LITERAL_NULL_CONVERSION = YES;
				CLANG_WARN_OBJC_IMPLICIT_RETAIN_SELF = YES;
				CLANG_WARN_OBJC_LITERAL_CONVERSION = YES;
				CLANG_WARN_OBJC_ROOT_CLASS = YES_ERROR;
				CLANG_WARN_QUOTED_INCLUDE_IN_FRAMEWORK_HEADER = YES;
				CLANG_WARN_RANGE_LOOP_ANALYSIS = YES;
				CLANG_WARN_STRICT_PROTOTYPES = YES;
				CLANG_WARN_SUSPICIOUS_MOVE = YES;
				CLANG_WARN_UNGUARDED_AVAILABILITY = YES_AGGRESSIVE;
				CLANG_WARN_UNREACHABLE_CODE = YES;
				CLANG_WARN__DUPLICATE_METHOD_MATCH = YES;
				COPY_PHASE_STRIP = NO;
				DEBUG_INFORMATION_FORMAT = "dwarf-with-dsym";
				ENABLE_NS_ASSERTIONS = NO;
				ENABLE_STRICT_OBJC_MSGSEND = YES;
				GCC_C_LANGUAGE_STANDARD = gnu11;
				GCC_NO_COMMON_BLOCKS = YES;
				GCC_WARN_64_TO_32_BIT_CONVERSION = YES;
				GCC_WARN_ABOUT_RETURN_TYPE = YES_ERROR;
				GCC_WARN_UNDECLARED_SELECTOR = YES;
				GCC_WARN_UNINITIALIZED_AUTOS = YES_AGGRESSIVE;
				GCC_WARN_UNUSED_FUNCTION = YES;
				GCC_WARN_UNUSED_VARIABLE = YES;
				IPHONEOS_DEPLOYMENT_TARGET = 14.4;
				MTL_ENABLE_DEBUG_INFO = NO;
				MTL_FAST_MATH = YES;
				SDKROOT = iphoneos;
				SWIFT_COMPILATION_MODE = wholemodule;
				SWIFT_OPTIMIZATION_LEVEL = "-O";
				VALIDATE_PRODUCT = YES;
			};
			name = Release;
		};
		F46E17B52AEA499D004E1669 /* Debug */ = {
			isa = XCBuildConfiguration;
			buildSettings = {
				ASSETCATALOG_COMPILER_APPICON_NAME = AppIcon;
				ASSETCATALOG_COMPILER_GLOBAL_ACCENT_COLOR_NAME = AccentColor;
				CODE_SIGN_STYLE = Automatic;
				INFOPLIST_FILE = ejercicio2/Info.plist;
				LD_RUNPATH_SEARCH_PATHS = (
					"$(inherited)",
					"@executable_path/Frameworks",
				);
				PRODUCT_BUNDLE_IDENTIFIER = adrian.belarte.ejercicio2;
				PRODUCT_NAME = "$(TARGET_NAME)";
				SWIFT_VERSION = 5.0;
				TARGETED_DEVICE_FAMILY = "1,2";
			};
			name = Debug;
		};
		F46E17B62AEA499D004E1669 /* Release */ = {
			isa = XCBuildConfiguration;
			buildSettings = {
				ASSETCATALOG_COMPILER_APPICON_NAME = AppIcon;
				ASSETCATALOG_COMPILER_GLOBAL_ACCENT_COLOR_NAME = AccentColor;
				CODE_SIGN_STYLE = Automatic;
				INFOPLIST_FILE = ejercicio2/Info.plist;
				LD_RUNPATH_SEARCH_PATHS = (
					"$(inherited)",
					"@executable_path/Frameworks",
				);
				PRODUCT_BUNDLE_IDENTIFIER = adrian.belarte.ejercicio2;
				PRODUCT_NAME = "$(TARGET_NAME)";
				SWIFT_VERSION = 5.0;
				TARGETED_DEVICE_FAMILY = "1,2";
			};
			name = Release;
		};
		F46E17B82AEA499D004E1669 /* Debug */ = {
			isa = XCBuildConfiguration;
			buildSettings = {
				ALWAYS_EMBED_SWIFT_STANDARD_LIBRARIES = YES;
				BUNDLE_LOADER = "$(TEST_HOST)";
				CODE_SIGN_STYLE = Automatic;
				INFOPLIST_FILE = ejercicio2Tests/Info.plist;
				IPHONEOS_DEPLOYMENT_TARGET = 14.4;
				LD_RUNPATH_SEARCH_PATHS = (
					"$(inherited)",
					"@executable_path/Frameworks",
					"@loader_path/Frameworks",
				);
				PRODUCT_BUNDLE_IDENTIFIER = adrian.belarte.ejercicio2Tests;
				PRODUCT_NAME = "$(TARGET_NAME)";
				SWIFT_VERSION = 5.0;
				TARGETED_DEVICE_FAMILY = "1,2";
				TEST_HOST = "$(BUILT_PRODUCTS_DIR)/ejercicio2.app/ejercicio2";
			};
			name = Debug;
		};
		F46E17B92AEA499D004E1669 /* Release */ = {
			isa = XCBuildConfiguration;
			buildSettings = {
				ALWAYS_EMBED_SWIFT_STANDARD_LIBRARIES = YES;
				BUNDLE_LOADER = "$(TEST_HOST)";
				CODE_SIGN_STYLE = Automatic;
				INFOPLIST_FILE = ejercicio2Tests/Info.plist;
				IPHONEOS_DEPLOYMENT_TARGET = 14.4;
				LD_RUNPATH_SEARCH_PATHS = (
					"$(inherited)",
					"@executable_path/Frameworks",
					"@loader_path/Frameworks",
				);
				PRODUCT_BUNDLE_IDENTIFIER = adrian.belarte.ejercicio2Tests;
				PRODUCT_NAME = "$(TARGET_NAME)";
				SWIFT_VERSION = 5.0;
				TARGETED_DEVICE_FAMILY = "1,2";
				TEST_HOST = "$(BUILT_PRODUCTS_DIR)/ejercicio2.app/ejercicio2";
			};
			name = Release;
		};
		F46E17BB2AEA499D004E1669 /* Debug */ = {
			isa = XCBuildConfiguration;
			buildSettings = {
				ALWAYS_EMBED_SWIFT_STANDARD_LIBRARIES = YES;
				CODE_SIGN_STYLE = Automatic;
				INFOPLIST_FILE = ejercicio2UITests/Info.plist;
				LD_RUNPATH_SEARCH_PATHS = (
					"$(inherited)",
					"@executable_path/Frameworks",
					"@loader_path/Frameworks",
				);
				PRODUCT_BUNDLE_IDENTIFIER = adrian.belarte.ejercicio2UITests;
				PRODUCT_NAME = "$(TARGET_NAME)";
				SWIFT_VERSION = 5.0;
				TARGETED_DEVICE_FAMILY = "1,2";
				TEST_TARGET_NAME = ejercicio2;
			};
			name = Debug;
		};
		F46E17BC2AEA499D004E1669 /* Release */ = {
			isa = XCBuildConfiguration;
			buildSettings = {
				ALWAYS_EMBED_SWIFT_STANDARD_LIBRARIES = YES;
				CODE_SIGN_STYLE = Automatic;
				INFOPLIST_FILE = ejercicio2UITests/Info.plist;
				LD_RUNPATH_SEARCH_PATHS = (
					"$(inherited)",
					"@executable_path/Frameworks",
					"@loader_path/Frameworks",
				);
				PRODUCT_BUNDLE_IDENTIFIER = adrian.belarte.ejercicio2UITests;
				PRODUCT_NAME = "$(TARGET_NAME)";
				SWIFT_VERSION = 5.0;
				TARGETED_DEVICE_FAMILY = "1,2";
				TEST_TARGET_NAME = ejercicio2;
			};
			name = Release;
		};
/* End XCBuildConfiguration section */

/* Begin XCConfigurationList section */
		F46E17852AEA499B004E1669 /* Build configuration list for PBXProject "ejercicio2" */ = {
			isa = XCConfigurationList;
			buildConfigurations = (
				F46E17B22AEA499D004E1669 /* Debug */,
				F46E17B32AEA499D004E1669 /* Release */,
			);
			defaultConfigurationIsVisible = 0;
			defaultConfigurationName = Release;
		};
		F46E17B42AEA499D004E1669 /* Build configuration list for PBXNativeTarget "ejercicio2" */ = {
			isa = XCConfigurationList;
			buildConfigurations = (
				F46E17B52AEA499D004E1669 /* Debug */,
				F46E17B62AEA499D004E1669 /* Release */,
			);
			defaultConfigurationIsVisible = 0;
			defaultConfigurationName = Release;
		};
		F46E17B72AEA499D004E1669 /* Build configuration list for PBXNativeTarget "ejercicio2Tests" */ = {
			isa = XCConfigurationList;
			buildConfigurations = (
				F46E17B82AEA499D004E1669 /* Debug */,
				F46E17B92AEA499D004E1669 /* Release */,
			);
			defaultConfigurationIsVisible = 0;
			defaultConfigurationName = Release;
		};
		F46E17BA2AEA499D004E1669 /* Build configuration list for PBXNativeTarget "ejercicio2UITests" */ = {
			isa = XCConfigurationList;
			buildConfigurations = (
				F46E17BB2AEA499D004E1669 /* Debug */,
				F46E17BC2AEA499D004E1669 /* Release */,
			);
			defaultConfigurationIsVisible = 0;
			defaultConfigurationName = Release;
		};
/* End XCConfigurationList section */
	};
	rootObject = F46E17822AEA499B004E1669 /* Project object */;
}
